
Microsoft Visual Studio Solution File, Format Version 12.00
# Visual Studio Version 17
VisualStudioVersion = 17.13.35931.197
MinimumVisualStudioVersion = 10.0.40219.1
Project("{FAE04EC0-301F-11D3-BF4B-00C04F79EFBC}") = "AutoFusionPro.UI", "AutoFusionPro.UI\AutoFusionPro.UI.csproj", "{C22830D0-BA5B-4D7A-9509-5D28A04D0FDB}"
EndProject
Project("{FAE04EC0-301F-11D3-BF4B-00C04F79EFBC}") = "AutoFusionPro.Domain", "AutoFusionPro.Domain\AutoFusionPro.Domain.csproj", "{5E821FA9-3446-4261-A922-23ED2A0056D4}"
EndProject
Project("{FAE04EC0-301F-11D3-BF4B-00C04F79EFBC}") = "AutoFusionPro.Infrastructure", "AutoFusionPro.Infrastructure\AutoFusionPro.Infrastructure.csproj", "{51CBEE36-9CFE-41D3-9080-6A947C33C3FE}"
EndProject
Project("{FAE04EC0-301F-11D3-BF4B-00C04F79EFBC}") = "AutoFusionPro.Core", "AutoFusionPro.Core\AutoFusionPro.Core.csproj", "{0AE17A81-0375-4AA4-814F-CF3101FF5D76}"
EndProject
Project("{FAE04EC0-301F-11D3-BF4B-00C04F79EFBC}") = "AutoFusionPro.Application", "AutoFusionPro.Application\AutoFusionPro.Application.csproj", "{C996304A-DD99-4D75-9E84-D63276D8CE69}"
EndProject
Project("{FAE04EC0-301F-11D3-BF4B-00C04F79EFBC}") = "AutoFusionPro.Application.Tests", "AutoFusionPro.Application.Tests\AutoFusionPro.Application.Tests.csproj", "{866BECD9-2B12-42D9-82F3-0A5457CDA9CB}"
EndProject
Global
	GlobalSection(SolutionConfigurationPlatforms) = preSolution
		Debug|Any CPU = Debug|Any CPU
		Release|Any CPU = Release|Any CPU
	EndGlobalSection
	GlobalSection(ProjectConfigurationPlatforms) = postSolution
		{C22830D0-BA5B-4D7A-9509-5D28A04D0FDB}.Debug|Any CPU.ActiveCfg = Debug|Any CPU
		{C22830D0-BA5B-4D7A-9509-5D28A04D0FDB}.Debug|Any CPU.Build.0 = Debug|Any CPU
		{C22830D0-BA5B-4D7A-9509-5D28A04D0FDB}.Release|Any CPU.ActiveCfg = Release|Any CPU
		{C22830D0-BA5B-4D7A-9509-5D28A04D0FDB}.Release|Any CPU.Build.0 = Release|Any CPU
		{5E821FA9-3446-4261-A922-23ED2A0056D4}.Debug|Any CPU.ActiveCfg = Debug|Any CPU
		{5E821FA9-3446-4261-A922-23ED2A0056D4}.Debug|Any CPU.Build.0 = Debug|Any CPU
		{5E821FA9-3446-4261-A922-23ED2A0056D4}.Release|Any CPU.ActiveCfg = Release|Any CPU
		{5E821FA9-3446-4261-A922-23ED2A0056D4}.Release|Any CPU.Build.0 = Release|Any CPU
		{51CBEE36-9CFE-41D3-9080-6A947C33C3FE}.Debug|Any CPU.ActiveCfg = Debug|Any CPU
		{51CBEE36-9CFE-41D3-9080-6A947C33C3FE}.Debug|Any CPU.Build.0 = Debug|Any CPU
		{51CBEE36-9CFE-41D3-9080-6A947C33C3FE}.Release|Any CPU.ActiveCfg = Release|Any CPU
		{51CBEE36-9CFE-41D3-9080-6A947C33C3FE}.Release|Any CPU.Build.0 = Release|Any CPU
		{0AE17A81-0375-4AA4-814F-CF3101FF5D76}.Debug|Any CPU.ActiveCfg = Debug|Any CPU
		{0AE17A81-0375-4AA4-814F-CF3101FF5D76}.Debug|Any CPU.Build.0 = Debug|Any CPU
		{0AE17A81-0375-4AA4-814F-CF3101FF5D76}.Release|Any CPU.ActiveCfg = Release|Any CPU
		{0AE17A81-0375-4AA4-814F-CF3101FF5D76}.Release|Any CPU.Build.0 = Release|Any CPU
		{C996304A-DD99-4D75-9E84-D63276D8CE69}.Debug|Any CPU.ActiveCfg = Debug|Any CPU
		{C996304A-DD99-4D75-9E84-D63276D8CE69}.Debug|Any CPU.Build.0 = Debug|Any CPU
		{C996304A-DD99-4D75-9E84-D63276D8CE69}.Release|Any CPU.ActiveCfg = Release|Any CPU
		{C996304A-DD99-4D75-9E84-D63276D8CE69}.Release|Any CPU.Build.0 = Release|Any CPU
		{866BECD9-2B12-42D9-82F3-0A5457CDA9CB}.Debug|Any CPU.ActiveCfg = Debug|Any CPU
		{866BECD9-2B12-42D9-82F3-0A5457CDA9CB}.Debug|Any CPU.Build.0 = Debug|Any CPU
		{866BECD9-2B12-42D9-82F3-0A5457CDA9CB}.Release|Any CPU.ActiveCfg = Release|Any CPU
		{866BECD9-2B12-42D9-82F3-0A5457CDA9CB}.Release|Any CPU.Build.0 = Release|Any CPU
	EndGlobalSection
	GlobalSection(SolutionProperties) = preSolution
		HideSolutionNode = FALSE
	EndGlobalSection
	GlobalSection(ExtensibilityGlobals) = postSolution
		SolutionGuid = {A376DB73-72B4-49FA-8055-BAAD98531B6A}
	EndGlobalSection
EndGlobal
